// !$*UTF8*$!
{
	archiveVersion = 1;
	classes = {
	};
	objectVersion = 56;
	objects = {

/* Begin PBXBuildFile section */
		1C607DD62B1B0007005BB4E3 /* CompositionRoot.swift in Sources */ = {isa = PBXBuildFile; fileRef = 1C607DD52B1B0007005BB4E3 /* CompositionRoot.swift */; };
		1C895EDC2B1AC01C006AB40C /* Movie.swift in Sources */ = {isa = PBXBuildFile; fileRef = 1C895EDB2B1AC01C006AB40C /* Movie.swift */; };
		1CB424C92B1A31FB00718312 /* ReduxSwiftApp.swift in Sources */ = {isa = PBXBuildFile; fileRef = 1CB424C82B1A31FB00718312 /* ReduxSwiftApp.swift */; };
		1CB424CB2B1A31FB00718312 /* MovieView.swift in Sources */ = {isa = PBXBuildFile; fileRef = 1CB424CA2B1A31FB00718312 /* MovieView.swift */; };
		1CB424CD2B1A31FD00718312 /* Assets.xcassets in Resources */ = {isa = PBXBuildFile; fileRef = 1CB424CC2B1A31FD00718312 /* Assets.xcassets */; };
		1CB424D02B1A31FD00718312 /* Preview Assets.xcassets in Resources */ = {isa = PBXBuildFile; fileRef = 1CB424CF2B1A31FD00718312 /* Preview Assets.xcassets */; };
		1CB424D82B1A455900718312 /* ReduxState.swift in Sources */ = {isa = PBXBuildFile; fileRef = 1CB424D72B1A455900718312 /* ReduxState.swift */; };
		1CB424DA2B1A45BE00718312 /* AppState.swift in Sources */ = {isa = PBXBuildFile; fileRef = 1CB424D92B1A45BE00718312 /* AppState.swift */; };
		1CB424DE2B1A46BE00718312 /* AppReducer.swift in Sources */ = {isa = PBXBuildFile; fileRef = 1CB424DD2B1A46BE00718312 /* AppReducer.swift */; };
		1CB424E12B1A47B600718312 /* Action.swift in Sources */ = {isa = PBXBuildFile; fileRef = 1CB424E02B1A47B600718312 /* Action.swift */; };
		1CB424E32B1A48EB00718312 /* MoviesState.swift in Sources */ = {isa = PBXBuildFile; fileRef = 1CB424E22B1A48EB00718312 /* MoviesState.swift */; };
		1CB424E52B1A493A00718312 /* MoviesReducer.swift in Sources */ = {isa = PBXBuildFile; fileRef = 1CB424E42B1A493A00718312 /* MoviesReducer.swift */; };
		1CB424E72B1A5A9900718312 /* FetchMovies.swift in Sources */ = {isa = PBXBuildFile; fileRef = 1CB424E62B1A5A9900718312 /* FetchMovies.swift */; };
		1CB424EA2B1A5B4900718312 /* MiddleWare.swift in Sources */ = {isa = PBXBuildFile; fileRef = 1CB424E92B1A5B4900718312 /* MiddleWare.swift */; };
		1CB424EC2B1A5CF300718312 /* MoviesMiddleWare.swift in Sources */ = {isa = PBXBuildFile; fileRef = 1CB424EB2B1A5CF300718312 /* MoviesMiddleWare.swift */; };
		1CB424EE2B1A5DAD00718312 /* SetMovies.swift in Sources */ = {isa = PBXBuildFile; fileRef = 1CB424ED2B1A5DAD00718312 /* SetMovies.swift */; };
		1CB424F02B1A804C00718312 /* Store.swift in Sources */ = {isa = PBXBuildFile; fileRef = 1CB424EF2B1A804C00718312 /* Store.swift */; };
/* End PBXBuildFile section */

/* Begin PBXFileReference section */
		1C607DD52B1B0007005BB4E3 /* CompositionRoot.swift */ = {isa = PBXFileReference; lastKnownFileType = sourcecode.swift; path = CompositionRoot.swift; sourceTree = "<group>"; };
		1C895EDB2B1AC01C006AB40C /* Movie.swift */ = {isa = PBXFileReference; lastKnownFileType = sourcecode.swift; path = Movie.swift; sourceTree = "<group>"; };
		1CB424C52B1A31FB00718312 /* ReduxSwift.app */ = {isa = PBXFileReference; explicitFileType = wrapper.application; includeInIndex = 0; path = ReduxSwift.app; sourceTree = BUILT_PRODUCTS_DIR; };
		1CB424C82B1A31FB00718312 /* ReduxSwiftApp.swift */ = {isa = PBXFileReference; lastKnownFileType = sourcecode.swift; path = ReduxSwiftApp.swift; sourceTree = "<group>"; };
		1CB424CA2B1A31FB00718312 /* MovieView.swift */ = {isa = PBXFileReference; lastKnownFileType = sourcecode.swift; path = MovieView.swift; sourceTree = "<group>"; };
		1CB424CC2B1A31FD00718312 /* Assets.xcassets */ = {isa = PBXFileReference; lastKnownFileType = folder.assetcatalog; path = Assets.xcassets; sourceTree = "<group>"; };
		1CB424CF2B1A31FD00718312 /* Preview Assets.xcassets */ = {isa = PBXFileReference; lastKnownFileType = folder.assetcatalog; path = "Preview Assets.xcassets"; sourceTree = "<group>"; };
		1CB424D72B1A455900718312 /* ReduxState.swift */ = {isa = PBXFileReference; lastKnownFileType = sourcecode.swift; path = ReduxState.swift; sourceTree = "<group>"; };
		1CB424D92B1A45BE00718312 /* AppState.swift */ = {isa = PBXFileReference; lastKnownFileType = sourcecode.swift; path = AppState.swift; sourceTree = "<group>"; };
		1CB424DD2B1A46BE00718312 /* AppReducer.swift */ = {isa = PBXFileReference; lastKnownFileType = sourcecode.swift; path = AppReducer.swift; sourceTree = "<group>"; };
		1CB424E02B1A47B600718312 /* Action.swift */ = {isa = PBXFileReference; lastKnownFileType = sourcecode.swift; path = Action.swift; sourceTree = "<group>"; };
		1CB424E22B1A48EB00718312 /* MoviesState.swift */ = {isa = PBXFileReference; lastKnownFileType = sourcecode.swift; path = MoviesState.swift; sourceTree = "<group>"; };
		1CB424E42B1A493A00718312 /* MoviesReducer.swift */ = {isa = PBXFileReference; lastKnownFileType = sourcecode.swift; path = MoviesReducer.swift; sourceTree = "<group>"; };
		1CB424E62B1A5A9900718312 /* FetchMovies.swift */ = {isa = PBXFileReference; lastKnownFileType = sourcecode.swift; path = FetchMovies.swift; sourceTree = "<group>"; };
		1CB424E92B1A5B4900718312 /* MiddleWare.swift */ = {isa = PBXFileReference; lastKnownFileType = sourcecode.swift; path = MiddleWare.swift; sourceTree = "<group>"; };
		1CB424EB2B1A5CF300718312 /* MoviesMiddleWare.swift */ = {isa = PBXFileReference; lastKnownFileType = sourcecode.swift; path = MoviesMiddleWare.swift; sourceTree = "<group>"; };
		1CB424ED2B1A5DAD00718312 /* SetMovies.swift */ = {isa = PBXFileReference; lastKnownFileType = sourcecode.swift; path = SetMovies.swift; sourceTree = "<group>"; };
		1CB424EF2B1A804C00718312 /* Store.swift */ = {isa = PBXFileReference; lastKnownFileType = sourcecode.swift; path = Store.swift; sourceTree = "<group>"; };
/* End PBXFileReference section */

/* Begin PBXFrameworksBuildPhase section */
		1CB424C22B1A31FB00718312 /* Frameworks */ = {
			isa = PBXFrameworksBuildPhase;
			buildActionMask = 2147483647;
			files = (
			);
			runOnlyForDeploymentPostprocessing = 0;
		};
/* End PBXFrameworksBuildPhase section */

/* Begin PBXGroup section */
		1C895EDA2B1AC010006AB40C /* Models */ = {
			isa = PBXGroup;
			children = (
				1C895EDB2B1AC01C006AB40C /* Movie.swift */,
			);
			path = Models;
			sourceTree = "<group>";
		};
		1C895EDD2B1AC0B1006AB40C /* Views */ = {
			isa = PBXGroup;
			children = (
				1CB424CA2B1A31FB00718312 /* MovieView.swift */,
			);
			path = Views;
			sourceTree = "<group>";
		};
		1CB424BC2B1A31FB00718312 = {
			isa = PBXGroup;
			children = (
				1CB424C72B1A31FB00718312 /* ReduxSwift */,
				1CB424C62B1A31FB00718312 /* Products */,
			);
			sourceTree = "<group>";
		};
		1CB424C62B1A31FB00718312 /* Products */ = {
			isa = PBXGroup;
			children = (
				1CB424C52B1A31FB00718312 /* ReduxSwift.app */,
			);
			name = Products;
			sourceTree = "<group>";
		};
		1CB424C72B1A31FB00718312 /* ReduxSwift */ = {
			isa = PBXGroup;
			children = (
				1C607DD52B1B0007005BB4E3 /* CompositionRoot.swift */,
				1CB424C82B1A31FB00718312 /* ReduxSwiftApp.swift */,
				1C895EDD2B1AC0B1006AB40C /* Views */,
				1C895EDA2B1AC010006AB40C /* Models */,
				1CB424D62B1A453700718312 /* Store */,
				1CB424CC2B1A31FD00718312 /* Assets.xcassets */,
				1CB424CE2B1A31FD00718312 /* Preview Content */,
			);
			path = ReduxSwift;
			sourceTree = "<group>";
		};
		1CB424CE2B1A31FD00718312 /* Preview Content */ = {
			isa = PBXGroup;
			children = (
				1CB424CF2B1A31FD00718312 /* Preview Assets.xcassets */,
			);
			path = "Preview Content";
			sourceTree = "<group>";
		};
		1CB424D62B1A453700718312 /* Store */ = {
			isa = PBXGroup;
			children = (
				1CB424EF2B1A804C00718312 /* Store.swift */,
				1CB424E82B1A5B3100718312 /* MiddleWare */,
				1CB424DF2B1A47AA00718312 /* Action */,
				1CB424DC2B1A46A000718312 /* Reducer */,
				1CB424DB2B1A45F400718312 /* State */,
			);
			path = Store;
			sourceTree = "<group>";
		};
		1CB424DB2B1A45F400718312 /* State */ = {
			isa = PBXGroup;
			children = (
				1CB424D72B1A455900718312 /* ReduxState.swift */,
				1CB424D92B1A45BE00718312 /* AppState.swift */,
				1CB424E22B1A48EB00718312 /* MoviesState.swift */,
			);
			path = State;
			sourceTree = "<group>";
		};
		1CB424DC2B1A46A000718312 /* Reducer */ = {
			isa = PBXGroup;
			children = (
				1CB424DD2B1A46BE00718312 /* AppReducer.swift */,
				1CB424E42B1A493A00718312 /* MoviesReducer.swift */,
			);
			path = Reducer;
			sourceTree = "<group>";
		};
		1CB424DF2B1A47AA00718312 /* Action */ = {
			isa = PBXGroup;
			children = (
				1CB424E02B1A47B600718312 /* Action.swift */,
				1CB424E62B1A5A9900718312 /* FetchMovies.swift */,
				1CB424ED2B1A5DAD00718312 /* SetMovies.swift */,
			);
			path = Action;
			sourceTree = "<group>";
		};
		1CB424E82B1A5B3100718312 /* MiddleWare */ = {
			isa = PBXGroup;
			children = (
				1CB424E92B1A5B4900718312 /* MiddleWare.swift */,
				1CB424EB2B1A5CF300718312 /* MoviesMiddleWare.swift */,
			);
			path = MiddleWare;
			sourceTree = "<group>";
		};
/* End PBXGroup section */

/* Begin PBXNativeTarget section */
		1CB424C42B1A31FB00718312 /* ReduxSwift */ = {
			isa = PBXNativeTarget;
			buildConfigurationList = 1CB424D32B1A31FD00718312 /* Build configuration list for PBXNativeTarget "ReduxSwift" */;
			buildPhases = (
				1CB424C12B1A31FB00718312 /* Sources */,
				1CB424C22B1A31FB00718312 /* Frameworks */,
				1CB424C32B1A31FB00718312 /* Resources */,
			);
			buildRules = (
			);
			dependencies = (
			);
			name = ReduxSwift;
			productName = ReduxSwift;
			productReference = 1CB424C52B1A31FB00718312 /* ReduxSwift.app */;
			productType = "com.apple.product-type.application";
		};
/* End PBXNativeTarget section */

/* Begin PBXProject section */
		1CB424BD2B1A31FB00718312 /* Project object */ = {
			isa = PBXProject;
			attributes = {
				BuildIndependentTargetsInParallel = 1;
				LastSwiftUpdateCheck = 1500;
				LastUpgradeCheck = 1500;
				TargetAttributes = {
					1CB424C42B1A31FB00718312 = {
						CreatedOnToolsVersion = 15.0.1;
					};
				};
			};
			buildConfigurationList = 1CB424C02B1A31FB00718312 /* Build configuration list for PBXProject "ReduxSwift" */;
			compatibilityVersion = "Xcode 14.0";
			developmentRegion = en;
			hasScannedForEncodings = 0;
			knownRegions = (
				en,
				Base,
			);
			mainGroup = 1CB424BC2B1A31FB00718312;
			productRefGroup = 1CB424C62B1A31FB00718312 /* Products */;
			projectDirPath = "";
			projectRoot = "";
			targets = (
				1CB424C42B1A31FB00718312 /* ReduxSwift */,
			);
		};
/* End PBXProject section */

/* Begin PBXResourcesBuildPhase section */
		1CB424C32B1A31FB00718312 /* Resources */ = {
			isa = PBXResourcesBuildPhase;
			buildActionMask = 2147483647;
			files = (
				1CB424D02B1A31FD00718312 /* Preview Assets.xcassets in Resources */,
				1CB424CD2B1A31FD00718312 /* Assets.xcassets in Resources */,
			);
			runOnlyForDeploymentPostprocessing = 0;
		};
/* End PBXResourcesBuildPhase section */

/* Begin PBXSourcesBuildPhase section */
		1CB424C12B1A31FB00718312 /* Sources */ = {
			isa = PBXSourcesBuildPhase;
			buildActionMask = 2147483647;
			files = (
				1C895EDC2B1AC01C006AB40C /* Movie.swift in Sources */,
				1CB424E72B1A5A9900718312 /* FetchMovies.swift in Sources */,
				1CB424E32B1A48EB00718312 /* MoviesState.swift in Sources */,
				1CB424CB2B1A31FB00718312 /* MovieView.swift in Sources */,
				1CB424E12B1A47B600718312 /* Action.swift in Sources */,
				1CB424E52B1A493A00718312 /* MoviesReducer.swift in Sources */,
				1CB424C92B1A31FB00718312 /* ReduxSwiftApp.swift in Sources */,
				1C607DD62B1B0007005BB4E3 /* CompositionRoot.swift in Sources */,
				1CB424D82B1A455900718312 /* ReduxState.swift in Sources */,
				1CB424F02B1A804C00718312 /* Store.swift in Sources */,
				1CB424EC2B1A5CF300718312 /* MoviesMiddleWare.swift in Sources */,
				1CB424EA2B1A5B4900718312 /* MiddleWare.swift in Sources */,
				1CB424EE2B1A5DAD00718312 /* SetMovies.swift in Sources */,
				1CB424DA2B1A45BE00718312 /* AppState.swift in Sources */,
				1CB424DE2B1A46BE00718312 /* AppReducer.swift in Sources */,
			);
			runOnlyForDeploymentPostprocessing = 0;
		};
/* End PBXSourcesBuildPhase section */

/* Begin XCBuildConfiguration section */
		1CB424D12B1A31FD00718312 /* Debug */ = {
			isa = XCBuildConfiguration;
			buildSettings = {
				ALWAYS_SEARCH_USER_PATHS = NO;
				ASSETCATALOG_COMPILER_GENERATE_SWIFT_ASSET_SYMBOL_EXTENSIONS = YES;
				CLANG_ANALYZER_NONNULL = YES;
				CLANG_ANALYZER_NUMBER_OBJECT_CONVERSION = YES_AGGRESSIVE;
				CLANG_CXX_LANGUAGE_STANDARD = "gnu++20";
				CLANG_ENABLE_MODULES = YES;
				CLANG_ENABLE_OBJC_ARC = YES;
				CLANG_ENABLE_OBJC_WEAK = YES;
				CLANG_WARN_BLOCK_CAPTURE_AUTORELEASING = YES;
				CLANG_WARN_BOOL_CONVERSION = YES;
				CLANG_WARN_COMMA = YES;
				CLANG_WARN_CONSTANT_CONVERSION = YES;
				CLANG_WARN_DEPRECATED_OBJC_IMPLEMENTATIONS = YES;
				CLANG_WARN_DIRECT_OBJC_ISA_USAGE = YES_ERROR;
				CLANG_WARN_DOCUMENTATION_COMMENTS = YES;
				CLANG_WARN_EMPTY_BODY = YES;
				CLANG_WARN_ENUM_CONVERSION = YES;
				CLANG_WARN_INFINITE_RECURSION = YES;
				CLANG_WARN_INT_CONVERSION = YES;
				CLANG_WARN_NON_LITERAL_NULL_CONVERSION = YES;
				CLANG_WARN_OBJC_IMPLICIT_RETAIN_SELF = YES;
				CLANG_WARN_OBJC_LITERAL_CONVERSION = YES;
				CLANG_WARN_OBJC_ROOT_CLASS = YES_ERROR;
				CLANG_WARN_QUOTED_INCLUDE_IN_FRAMEWORK_HEADER = YES;
				CLANG_WARN_RANGE_LOOP_ANALYSIS = YES;
				CLANG_WARN_STRICT_PROTOTYPES = YES;
				CLANG_WARN_SUSPICIOUS_MOVE = YES;
				CLANG_WARN_UNGUARDED_AVAILABILITY = YES_AGGRESSIVE;
				CLANG_WARN_UNREACHABLE_CODE = YES;
				CLANG_WARN__DUPLICATE_METHOD_MATCH = YES;
				COPY_PHASE_STRIP = NO;
				DEBUG_INFORMATION_FORMAT = dwarf;
				ENABLE_STRICT_OBJC_MSGSEND = YES;
				ENABLE_TESTABILITY = YES;
				ENABLE_USER_SCRIPT_SANDBOXING = YES;
				GCC_C_LANGUAGE_STANDARD = gnu17;
				GCC_DYNAMIC_NO_PIC = NO;
				GCC_NO_COMMON_BLOCKS = YES;
				GCC_OPTIMIZATION_LEVEL = 0;
				GCC_PREPROCESSOR_DEFINITIONS = (
					"DEBUG=1",
					"$(inherited)",
				);
				GCC_WARN_64_TO_32_BIT_CONVERSION = YES;
				GCC_WARN_ABOUT_RETURN_TYPE = YES_ERROR;
				GCC_WARN_UNDECLARED_SELECTOR = YES;
				GCC_WARN_UNINITIALIZED_AUTOS = YES_AGGRESSIVE;
				GCC_WARN_UNUSED_FUNCTION = YES;
				GCC_WARN_UNUSED_VARIABLE = YES;
				IPHONEOS_DEPLOYMENT_TARGET = 17.0;
				LOCALIZATION_PREFERS_STRING_CATALOGS = YES;
				MTL_ENABLE_DEBUG_INFO = INCLUDE_SOURCE;
				MTL_FAST_MATH = YES;
				ONLY_ACTIVE_ARCH = YES;
				SDKROOT = iphoneos;
				SWIFT_ACTIVE_COMPILATION_CONDITIONS = "DEBUG $(inherited)";
				SWIFT_OPTIMIZATION_LEVEL = "-Onone";
			};
			name = Debug;
		};
		1CB424D22B1A31FD00718312 /* Release */ = {
			isa = XCBuildConfiguration;
			buildSettings = {
				ALWAYS_SEARCH_USER_PATHS = NO;
				ASSETCATALOG_COMPILER_GENERATE_SWIFT_ASSET_SYMBOL_EXTENSIONS = YES;
				CLANG_ANALYZER_NONNULL = YES;
				CLANG_ANALYZER_NUMBER_OBJECT_CONVERSION = YES_AGGRESSIVE;
				CLANG_CXX_LANGUAGE_STANDARD = "gnu++20";
				CLANG_ENABLE_MODULES = YES;
				CLANG_ENABLE_OBJC_ARC = YES;
				CLANG_ENABLE_OBJC_WEAK = YES;
				CLANG_WARN_BLOCK_CAPTURE_AUTORELEASING = YES;
				CLANG_WARN_BOOL_CONVERSION = YES;
				CLANG_WARN_COMMA = YES;
				CLANG_WARN_CONSTANT_CONVERSION = YES;
				CLANG_WARN_DEPRECATED_OBJC_IMPLEMENTATIONS = YES;
				CLANG_WARN_DIRECT_OBJC_ISA_USAGE = YES_ERROR;
				CLANG_WARN_DOCUMENTATION_COMMENTS = YES;
				CLANG_WARN_EMPTY_BODY = YES;
				CLANG_WARN_ENUM_CONVERSION = YES;
				CLANG_WARN_INFINITE_RECURSION = YES;
				CLANG_WARN_INT_CONVERSION = YES;
				CLANG_WARN_NON_LITERAL_NULL_CONVERSION = YES;
				CLANG_WARN_OBJC_IMPLICIT_RETAIN_SELF = YES;
				CLANG_WARN_OBJC_LITERAL_CONVERSION = YES;
				CLANG_WARN_OBJC_ROOT_CLASS = YES_ERROR;
				CLANG_WARN_QUOTED_INCLUDE_IN_FRAMEWORK_HEADER = YES;
				CLANG_WARN_RANGE_LOOP_ANALYSIS = YES;
				CLANG_WARN_STRICT_PROTOTYPES = YES;
				CLANG_WARN_SUSPICIOUS_MOVE = YES;
				CLANG_WARN_UNGUARDED_AVAILABILITY = YES_AGGRESSIVE;
				CLANG_WARN_UNREACHABLE_CODE = YES;
				CLANG_WARN__DUPLICATE_METHOD_MATCH = YES;
				COPY_PHASE_STRIP = NO;
				DEBUG_INFORMATION_FORMAT = "dwarf-with-dsym";
				ENABLE_NS_ASSERTIONS = NO;
				ENABLE_STRICT_OBJC_MSGSEND = YES;
				ENABLE_USER_SCRIPT_SANDBOXING = YES;
				GCC_C_LANGUAGE_STANDARD = gnu17;
				GCC_NO_COMMON_BLOCKS = YES;
				GCC_WARN_64_TO_32_BIT_CONVERSION = YES;
				GCC_WARN_ABOUT_RETURN_TYPE = YES_ERROR;
				GCC_WARN_UNDECLARED_SELECTOR = YES;
				GCC_WARN_UNINITIALIZED_AUTOS = YES_AGGRESSIVE;
				GCC_WARN_UNUSED_FUNCTION = YES;
				GCC_WARN_UNUSED_VARIABLE = YES;
				IPHONEOS_DEPLOYMENT_TARGET = 17.0;
				LOCALIZATION_PREFERS_STRING_CATALOGS = YES;
				MTL_ENABLE_DEBUG_INFO = NO;
				MTL_FAST_MATH = YES;
				SDKROOT = iphoneos;
				SWIFT_COMPILATION_MODE = wholemodule;
				VALIDATE_PRODUCT = YES;
			};
			name = Release;
		};
		1CB424D42B1A31FD00718312 /* Debug */ = {
			isa = XCBuildConfiguration;
			buildSettings = {
				ASSETCATALOG_COMPILER_APPICON_NAME = AppIcon;
				ASSETCATALOG_COMPILER_GLOBAL_ACCENT_COLOR_NAME = AccentColor;
				CODE_SIGN_STYLE = Automatic;
				CURRENT_PROJECT_VERSION = 1;
				DEVELOPMENT_ASSET_PATHS = "\"ReduxSwift/Preview Content\"";
				DEVELOPMENT_TEAM = 2LS4DW8C9B;
				ENABLE_PREVIEWS = YES;
				GENERATE_INFOPLIST_FILE = YES;
				INFOPLIST_KEY_UIApplicationSceneManifest_Generation = YES;
				INFOPLIST_KEY_UIApplicationSupportsIndirectInputEvents = YES;
				INFOPLIST_KEY_UILaunchScreen_Generation = YES;
				INFOPLIST_KEY_UISupportedInterfaceOrientations_iPad = "UIInterfaceOrientationPortrait UIInterfaceOrientationPortraitUpsideDown UIInterfaceOrientationLandscapeLeft UIInterfaceOrientationLandscapeRight";
				INFOPLIST_KEY_UISupportedInterfaceOrientations_iPhone = "UIInterfaceOrientationPortrait UIInterfaceOrientationLandscapeLeft UIInterfaceOrientationLandscapeRight";
				LD_RUNPATH_SEARCH_PATHS = (
					"$(inherited)",
					"@executable_path/Frameworks",
				);
				MARKETING_VERSION = 1.0;
				PRODUCT_BUNDLE_IDENTIFIER = hamedAmiri.ReduxSwift;
				PRODUCT_NAME = "$(TARGET_NAME)";
				SWIFT_EMIT_LOC_STRINGS = YES;
				SWIFT_VERSION = 5.0;
				TARGETED_DEVICE_FAMILY = "1,2";
			};
			name = Debug;
		};
		1CB424D52B1A31FD00718312 /* Release */ = {
			isa = XCBuildConfiguration;
			buildSettings = {
				ASSETCATALOG_COMPILER_APPICON_NAME = AppIcon;
				ASSETCATALOG_COMPILER_GLOBAL_ACCENT_COLOR_NAME = AccentColor;
				CODE_SIGN_STYLE = Automatic;
				CURRENT_PROJECT_VERSION = 1;
				DEVELOPMENT_ASSET_PATHS = "\"ReduxSwift/Preview Content\"";
				DEVELOPMENT_TEAM = 2LS4DW8C9B;
				ENABLE_PREVIEWS = YES;
				GENERATE_INFOPLIST_FILE = YES;
				INFOPLIST_KEY_UIApplicationSceneManifest_Generation = YES;
				INFOPLIST_KEY_UIApplicationSupportsIndirectInputEvents = YES;
				INFOPLIST_KEY_UILaunchScreen_Generation = YES;
				INFOPLIST_KEY_UISupportedInterfaceOrientations_iPad = "UIInterfaceOrientationPortrait UIInterfaceOrientationPortraitUpsideDown UIInterfaceOrientationLandscapeLeft UIInterfaceOrientationLandscapeRight";
				INFOPLIST_KEY_UISupportedInterfaceOrientations_iPhone = "UIInterfaceOrientationPortrait UIInterfaceOrientationLandscapeLeft UIInterfaceOrientationLandscapeRight";
				LD_RUNPATH_SEARCH_PATHS = (
					"$(inherited)",
					"@executable_path/Frameworks",
				);
				MARKETING_VERSION = 1.0;
				PRODUCT_BUNDLE_IDENTIFIER = hamedAmiri.ReduxSwift;
				PRODUCT_NAME = "$(TARGET_NAME)";
				SWIFT_EMIT_LOC_STRINGS = YES;
				SWIFT_VERSION = 5.0;
				TARGETED_DEVICE_FAMILY = "1,2";
			};
			name = Release;
		};
/* End XCBuildConfiguration section */

/* Begin XCConfigurationList section */
		1CB424C02B1A31FB00718312 /* Build configuration list for PBXProject "ReduxSwift" */ = {
			isa = XCConfigurationList;
			buildConfigurations = (
				1CB424D12B1A31FD00718312 /* Debug */,
				1CB424D22B1A31FD00718312 /* Release */,
			);
			defaultConfigurationIsVisible = 0;
			defaultConfigurationName = Release;
		};
		1CB424D32B1A31FD00718312 /* Build configuration list for PBXNativeTarget "ReduxSwift" */ = {
			isa = XCConfigurationList;
			buildConfigurations = (
				1CB424D42B1A31FD00718312 /* Debug */,
				1CB424D52B1A31FD00718312 /* Release */,
			);
			defaultConfigurationIsVisible = 0;
			defaultConfigurationName = Release;
		};
/* End XCConfigurationList section */
	};
	rootObject = 1CB424BD2B1A31FB00718312 /* Project object */;
}
